
Microsoft Visual Studio Solution File, Format Version 12.00
# Visual Studio 15
VisualStudioVersion = 15.0.28010.2019
MinimumVisualStudioVersion = 10.0.40219.1
Project("{FAE04EC0-301F-11D3-BF4B-00C04F79EFBC}") = "fri_pm_api", "fri_pm_api\fri_pm_api.csproj", "{38EA6466-CE6A-48B1-BBF8-C8427D13CC95}"
EndProject
Global
	GlobalSection(SolutionConfigurationPlatforms) = preSolution
		Debug|Any CPU = Debug|Any CPU
		Release|Any CPU = Release|Any CPU
	EndGlobalSection
	GlobalSection(ProjectConfigurationPlatforms) = postSolution
		{38EA6466-CE6A-48B1-BBF8-C8427D13CC95}.Debug|Any CPU.ActiveCfg = Debug|Any CPU
		{38EA6466-CE6A-48B1-BBF8-C8427D13CC95}.Debug|Any CPU.Build.0 = Debug|Any CPU
		{38EA6466-CE6A-48B1-BBF8-C8427D13CC95}.Release|Any CPU.ActiveCfg = Release|Any CPU
		{38EA6466-CE6A-48B1-BBF8-C8427D13CC95}.Release|Any CPU.Build.0 = Release|Any CPU
	EndGlobalSection
	GlobalSection(SolutionProperties) = preSolution
		HideSolutionNode = FALSE
	EndGlobalSection
	GlobalSection(ExtensibilityGlobals) = postSolution
		SolutionGuid = {3CC63CC2-B7FC-487E-B14F-A3EA8DE06E92}
	EndGlobalSection
EndGlobal
